// !$*UTF8*$!
{
	archiveVersion = 1;
	classes = {
	};
	objectVersion = 50;
	objects = {

/* Begin PBXBuildFile section */
		010094F9235DF76D00D3779E /* AppDelegate.swift in Sources */ = {isa = PBXBuildFile; fileRef = 010094F8235DF76D00D3779E /* AppDelegate.swift */; };
		010094FB235DF76D00D3779E /* SceneDelegate.swift in Sources */ = {isa = PBXBuildFile; fileRef = 010094FA235DF76D00D3779E /* SceneDelegate.swift */; };
		010094FD235DF76D00D3779E /* ViewController.swift in Sources */ = {isa = PBXBuildFile; fileRef = 010094FC235DF76D00D3779E /* ViewController.swift */; };
		01009500235DF76D00D3779E /* Main.storyboard in Resources */ = {isa = PBXBuildFile; fileRef = 010094FE235DF76D00D3779E /* Main.storyboard */; };
		01009502235DF76E00D3779E /* Assets.xcassets in Resources */ = {isa = PBXBuildFile; fileRef = 01009501235DF76E00D3779E /* Assets.xcassets */; };
		01009505235DF76E00D3779E /* LaunchScreen.storyboard in Resources */ = {isa = PBXBuildFile; fileRef = 01009503235DF76E00D3779E /* LaunchScreen.storyboard */; };
/* End PBXBuildFile section */

/* Begin PBXFileReference section */
		010094F5235DF76D00D3779E /* FeedNews.app */ = {isa = PBXFileReference; explicitFileType = wrapper.application; includeInIndex = 0; path = FeedNews.app; sourceTree = BUILT_PRODUCTS_DIR; };
		010094F8235DF76D00D3779E /* AppDelegate.swift */ = {isa = PBXFileReference; lastKnownFileType = sourcecode.swift; path = AppDelegate.swift; sourceTree = "<group>"; };
		010094FA235DF76D00D3779E /* SceneDelegate.swift */ = {isa = PBXFileReference; lastKnownFileType = sourcecode.swift; path = SceneDelegate.swift; sourceTree = "<group>"; };
		010094FC235DF76D00D3779E /* ViewController.swift */ = {isa = PBXFileReference; lastKnownFileType = sourcecode.swift; path = ViewController.swift; sourceTree = "<group>"; };
		010094FF235DF76D00D3779E /* Base */ = {isa = PBXFileReference; lastKnownFileType = file.storyboard; name = Base; path = Base.lproj/Main.storyboard; sourceTree = "<group>"; };
		01009501235DF76E00D3779E /* Assets.xcassets */ = {isa = PBXFileReference; lastKnownFileType = folder.assetcatalog; path = Assets.xcassets; sourceTree = "<group>"; };
		01009504235DF76E00D3779E /* Base */ = {isa = PBXFileReference; lastKnownFileType = file.storyboard; name = Base; path = Base.lproj/LaunchScreen.storyboard; sourceTree = "<group>"; };
		01009506235DF76E00D3779E /* Info.plist */ = {isa = PBXFileReference; lastKnownFileType = text.plist.xml; path = Info.plist; sourceTree = "<group>"; };
/* End PBXFileReference section */

/* Begin PBXFrameworksBuildPhase section */
		010094F2235DF76D00D3779E /* Frameworks */ = {
			isa = PBXFrameworksBuildPhase;
			buildActionMask = 2147483647;
			files = (
			);
			runOnlyForDeploymentPostprocessing = 0;
		};
/* End PBXFrameworksBuildPhase section */

/* Begin PBXGroup section */
		010094EC235DF76D00D3779E = {
			isa = PBXGroup;
			children = (
				010094F7235DF76D00D3779E /* FeedNews */,
				010094F6235DF76D00D3779E /* Products */,
			);
			sourceTree = "<group>";
		};
		010094F6235DF76D00D3779E /* Products */ = {
			isa = PBXGroup;
			children = (
				010094F5235DF76D00D3779E /* FeedNews.app */,
			);
			name = Products;
			sourceTree = "<group>";
		};
		010094F7235DF76D00D3779E /* FeedNews */ = {
			isa = PBXGroup;
			children = (
				014692AE235EF5E400BEB110 /* Delegates */,
				014692A7235EF4C200BEB110 /* LaunchScreen */,
				014692AB235EF52F00BEB110 /* HomeScreen */,
				014692AA235EF51500BEB110 /* Resources */,
			);
			path = FeedNews;
			sourceTree = "<group>";
		};
		014692A7235EF4C200BEB110 /* LaunchScreen */ = {
			isa = PBXGroup;
			children = (
				01009503235DF76E00D3779E /* LaunchScreen.storyboard */,
			);
			path = LaunchScreen;
			sourceTree = "<group>";
		};
		014692AA235EF51500BEB110 /* Resources */ = {
			isa = PBXGroup;
			children = (
				01009501235DF76E00D3779E /* Assets.xcassets */,
				01009506235DF76E00D3779E /* Info.plist */,
			);
			path = Resources;
			sourceTree = "<group>";
		};
		014692AB235EF52F00BEB110 /* HomeScreen */ = {
			isa = PBXGroup;
			children = (
				010094FE235DF76D00D3779E /* Main.storyboard */,
				014692AD235EF55100BEB110 /* View-model */,
				014692AC235EF53F00BEB110 /* View */,
			);
			path = HomeScreen;
			sourceTree = "<group>";
		};
		014692AC235EF53F00BEB110 /* View */ = {
			isa = PBXGroup;
			children = (
				010094FC235DF76D00D3779E /* ViewController.swift */,
			);
			path = View;
			sourceTree = "<group>";
		};
		014692AD235EF55100BEB110 /* View-model */ = {
			isa = PBXGroup;
			children = (
			);
			path = "View-model";
			sourceTree = "<group>";
		};
		014692AE235EF5E400BEB110 /* Delegates */ = {
			isa = PBXGroup;
			children = (
				010094F8235DF76D00D3779E /* AppDelegate.swift */,
				010094FA235DF76D00D3779E /* SceneDelegate.swift */,
			);
			path = Delegates;
			sourceTree = "<group>";
		};
/* End PBXGroup section */

/* Begin PBXNativeTarget section */
		010094F4235DF76D00D3779E /* FeedNews */ = {
			isa = PBXNativeTarget;
			buildConfigurationList = 01009509235DF76E00D3779E /* Build configuration list for PBXNativeTarget "FeedNews" */;
			buildPhases = (
				010094F1235DF76D00D3779E /* Sources */,
				010094F2235DF76D00D3779E /* Frameworks */,
				010094F3235DF76D00D3779E /* Resources */,
			);
			buildRules = (
			);
			dependencies = (
			);
			name = FeedNews;
			productName = FeedNews;
			productReference = 010094F5235DF76D00D3779E /* FeedNews.app */;
			productType = "com.apple.product-type.application";
		};
/* End PBXNativeTarget section */

/* Begin PBXProject section */
		010094ED235DF76D00D3779E /* Project object */ = {
			isa = PBXProject;
			attributes = {
				LastSwiftUpdateCheck = 1110;
				LastUpgradeCheck = 1110;
				ORGANIZATIONNAME = keshavkumar;
				TargetAttributes = {
					010094F4235DF76D00D3779E = {
						CreatedOnToolsVersion = 11.1;
					};
				};
			};
			buildConfigurationList = 010094F0235DF76D00D3779E /* Build configuration list for PBXProject "FeedNews" */;
			compatibilityVersion = "Xcode 9.3";
			developmentRegion = en;
			hasScannedForEncodings = 0;
			knownRegions = (
				en,
				Base,
			);
			mainGroup = 010094EC235DF76D00D3779E;
			productRefGroup = 010094F6235DF76D00D3779E /* Products */;
			projectDirPath = "";
			projectRoot = "";
			targets = (
				010094F4235DF76D00D3779E /* FeedNews */,
			);
		};
/* End PBXProject section */

/* Begin PBXResourcesBuildPhase section */
		010094F3235DF76D00D3779E /* Resources */ = {
			isa = PBXResourcesBuildPhase;
			buildActionMask = 2147483647;
			files = (
				01009505235DF76E00D3779E /* LaunchScreen.storyboard in Resources */,
				01009502235DF76E00D3779E /* Assets.xcassets in Resources */,
				01009500235DF76D00D3779E /* Main.storyboard in Resources */,
			);
			runOnlyForDeploymentPostprocessing = 0;
		};
/* End PBXResourcesBuildPhase section */

/* Begin PBXSourcesBuildPhase section */
		010094F1235DF76D00D3779E /* Sources */ = {
			isa = PBXSourcesBuildPhase;
			buildActionMask = 2147483647;
			files = (
				010094FD235DF76D00D3779E /* ViewController.swift in Sources */,
				010094F9235DF76D00D3779E /* AppDelegate.swift in Sources */,
				010094FB235DF76D00D3779E /* SceneDelegate.swift in Sources */,
			);
			runOnlyForDeploymentPostprocessing = 0;
		};
/* End PBXSourcesBuildPhase section */

/* Begin PBXVariantGroup section */
		010094FE235DF76D00D3779E /* Main.storyboard */ = {
			isa = PBXVariantGroup;
			children = (
				010094FF235DF76D00D3779E /* Base */,
			);
			name = Main.storyboard;
			sourceTree = "<group>";
		};
		01009503235DF76E00D3779E /* LaunchScreen.storyboard */ = {
			isa = PBXVariantGroup;
			children = (
				01009504235DF76E00D3779E /* Base */,
			);
			name = LaunchScreen.storyboard;
			sourceTree = "<group>";
		};
/* End PBXVariantGroup section */

/* Begin XCBuildConfiguration section */
		01009507235DF76E00D3779E /* Debug */ = {
			isa = XCBuildConfiguration;
			buildSettings = {
				ALWAYS_SEARCH_USER_PATHS = NO;
				CLANG_ANALYZER_NONNULL = YES;
				CLANG_ANALYZER_NUMBER_OBJECT_CONVERSION = YES_AGGRESSIVE;
				CLANG_CXX_LANGUAGE_STANDARD = "gnu++14";
				CLANG_CXX_LIBRARY = "libc++";
				CLANG_ENABLE_MODULES = YES;
				CLANG_ENABLE_OBJC_ARC = YES;
				CLANG_ENABLE_OBJC_WEAK = YES;
				CLANG_WARN_BLOCK_CAPTURE_AUTORELEASING = YES;
				CLANG_WARN_BOOL_CONVERSION = YES;
				CLANG_WARN_COMMA = YES;
				CLANG_WARN_CONSTANT_CONVERSION = YES;
				CLANG_WARN_DEPRECATED_OBJC_IMPLEMENTATIONS = YES;
				CLANG_WARN_DIRECT_OBJC_ISA_USAGE = YES_ERROR;
				CLANG_WARN_DOCUMENTATION_COMMENTS = YES;
				CLANG_WARN_EMPTY_BODY = YES;
				CLANG_WARN_ENUM_CONVERSION = YES;
				CLANG_WARN_INFINITE_RECURSION = YES;
				CLANG_WARN_INT_CONVERSION = YES;
				CLANG_WARN_NON_LITERAL_NULL_CONVERSION = YES;
				CLANG_WARN_OBJC_IMPLICIT_RETAIN_SELF = YES;
				CLANG_WARN_OBJC_LITERAL_CONVERSION = YES;
				CLANG_WARN_OBJC_ROOT_CLASS = YES_ERROR;
				CLANG_WARN_RANGE_LOOP_ANALYSIS = YES;
				CLANG_WARN_STRICT_PROTOTYPES = YES;
				CLANG_WARN_SUSPICIOUS_MOVE = YES;
				CLANG_WARN_UNGUARDED_AVAILABILITY = YES_AGGRESSIVE;
				CLANG_WARN_UNREACHABLE_CODE = YES;
				CLANG_WARN__DUPLICATE_METHOD_MATCH = YES;
				COPY_PHASE_STRIP = NO;
				DEBUG_INFORMATION_FORMAT = dwarf;
				ENABLE_STRICT_OBJC_MSGSEND = YES;
				ENABLE_TESTABILITY = YES;
				GCC_C_LANGUAGE_STANDARD = gnu11;
				GCC_DYNAMIC_NO_PIC = NO;
				GCC_NO_COMMON_BLOCKS = YES;
				GCC_OPTIMIZATION_LEVEL = 0;
				GCC_PREPROCESSOR_DEFINITIONS = (
					"DEBUG=1",
					"$(inherited)",
				);
				GCC_WARN_64_TO_32_BIT_CONVERSION = YES;
				GCC_WARN_ABOUT_RETURN_TYPE = YES_ERROR;
				GCC_WARN_UNDECLARED_SELECTOR = YES;
				GCC_WARN_UNINITIALIZED_AUTOS = YES_AGGRESSIVE;
				GCC_WARN_UNUSED_FUNCTION = YES;
				GCC_WARN_UNUSED_VARIABLE = YES;
				IPHONEOS_DEPLOYMENT_TARGET = 13.1;
				MTL_ENABLE_DEBUG_INFO = INCLUDE_SOURCE;
				MTL_FAST_MATH = YES;
				ONLY_ACTIVE_ARCH = YES;
				SDKROOT = iphoneos;
				SWIFT_ACTIVE_COMPILATION_CONDITIONS = DEBUG;
				SWIFT_OPTIMIZATION_LEVEL = "-Onone";
			};
			name = Debug;
		};
		01009508235DF76E00D3779E /* Release */ = {
			isa = XCBuildConfiguration;
			buildSettings = {
				ALWAYS_SEARCH_USER_PATHS = NO;
				CLANG_ANALYZER_NONNULL = YES;
				CLANG_ANALYZER_NUMBER_OBJECT_CONVERSION = YES_AGGRESSIVE;
				CLANG_CXX_LANGUAGE_STANDARD = "gnu++14";
				CLANG_CXX_LIBRARY = "libc++";
				CLANG_ENABLE_MODULES = YES;
				CLANG_ENABLE_OBJC_ARC = YES;
				CLANG_ENABLE_OBJC_WEAK = YES;
				CLANG_WARN_BLOCK_CAPTURE_AUTORELEASING = YES;
				CLANG_WARN_BOOL_CONVERSION = YES;
				CLANG_WARN_COMMA = YES;
				CLANG_WARN_CONSTANT_CONVERSION = YES;
				CLANG_WARN_DEPRECATED_OBJC_IMPLEMENTATIONS = YES;
				CLANG_WARN_DIRECT_OBJC_ISA_USAGE = YES_ERROR;
				CLANG_WARN_DOCUMENTATION_COMMENTS = YES;
				CLANG_WARN_EMPTY_BODY = YES;
				CLANG_WARN_ENUM_CONVERSION = YES;
				CLANG_WARN_INFINITE_RECURSION = YES;
				CLANG_WARN_INT_CONVERSION = YES;
				CLANG_WARN_NON_LITERAL_NULL_CONVERSION = YES;
				CLANG_WARN_OBJC_IMPLICIT_RETAIN_SELF = YES;
				CLANG_WARN_OBJC_LITERAL_CONVERSION = YES;
				CLANG_WARN_OBJC_ROOT_CLASS = YES_ERROR;
				CLANG_WARN_RANGE_LOOP_ANALYSIS = YES;
				CLANG_WARN_STRICT_PROTOTYPES = YES;
				CLANG_WARN_SUSPICIOUS_MOVE = YES;
				CLANG_WARN_UNGUARDED_AVAILABILITY = YES_AGGRESSIVE;
				CLANG_WARN_UNREACHABLE_CODE = YES;
				CLANG_WARN__DUPLICATE_METHOD_MATCH = YES;
				COPY_PHASE_STRIP = NO;
				DEBUG_INFORMATION_FORMAT = "dwarf-with-dsym";
				ENABLE_NS_ASSERTIONS = NO;
				ENABLE_STRICT_OBJC_MSGSEND = YES;
				GCC_C_LANGUAGE_STANDARD = gnu11;
				GCC_NO_COMMON_BLOCKS = YES;
				GCC_WARN_64_TO_32_BIT_CONVERSION = YES;
				GCC_WARN_ABOUT_RETURN_TYPE = YES_ERROR;
				GCC_WARN_UNDECLARED_SELECTOR = YES;
				GCC_WARN_UNINITIALIZED_AUTOS = YES_AGGRESSIVE;
				GCC_WARN_UNUSED_FUNCTION = YES;
				GCC_WARN_UNUSED_VARIABLE = YES;
				IPHONEOS_DEPLOYMENT_TARGET = 13.1;
				MTL_ENABLE_DEBUG_INFO = NO;
				MTL_FAST_MATH = YES;
				SDKROOT = iphoneos;
				SWIFT_COMPILATION_MODE = wholemodule;
				SWIFT_OPTIMIZATION_LEVEL = "-O";
				VALIDATE_PRODUCT = YES;
			};
			name = Release;
		};
		0100950A235DF76E00D3779E /* Debug */ = {
			isa = XCBuildConfiguration;
			buildSettings = {
				ASSETCATALOG_COMPILER_APPICON_NAME = AppIcon;
				CODE_SIGN_STYLE = Automatic;
				CURRENT_PROJECT_VERSION = 1;
				DEVELOPMENT_TEAM = UQP38H2BBB;
				INFOPLIST_FILE = FeedNews/Resources/Info.plist;
				LD_RUNPATH_SEARCH_PATHS = (
					"$(inherited)",
					"@executable_path/Frameworks",
				);
				MARKETING_VERSION = 1.0;
				PRODUCT_BUNDLE_IDENTIFIER = com.tringapps.keshav.FeedNews;
				PRODUCT_NAME = "$(TARGET_NAME)";
				SWIFT_VERSION = 5.0;
				TARGETED_DEVICE_FAMILY = 1;
			};
			name = Debug;
		};
		0100950B235DF76E00D3779E /* Release */ = {
			isa = XCBuildConfiguration;
			buildSettings = {
				ASSETCATALOG_COMPILER_APPICON_NAME = AppIcon;
				CODE_SIGN_STYLE = Automatic;
				CURRENT_PROJECT_VERSION = 1;
				DEVELOPMENT_TEAM = UQP38H2BBB;
				INFOPLIST_FILE = FeedNews/Resources/Info.plist;
				LD_RUNPATH_SEARCH_PATHS = (
					"$(inherited)",
					"@executable_path/Frameworks",
				);
				MARKETING_VERSION = 1.0;
				PRODUCT_BUNDLE_IDENTIFIER = com.tringapps.keshav.FeedNews;
				PRODUCT_NAME = "$(TARGET_NAME)";
				SWIFT_VERSION = 5.0;
				TARGETED_DEVICE_FAMILY = 1;
			};
			name = Release;
		};
/* End XCBuildConfiguration section */

/* Begin XCConfigurationList section */
		010094F0235DF76D00D3779E /* Build configuration list for PBXProject "FeedNews" */ = {
			isa = XCConfigurationList;
			buildConfigurations = (
				01009507235DF76E00D3779E /* Debug */,
				01009508235DF76E00D3779E /* Release */,
			);
			defaultConfigurationIsVisible = 0;
			defaultConfigurationName = Release;
		};
		01009509235DF76E00D3779E /* Build configuration list for PBXNativeTarget "FeedNews" */ = {
			isa = XCConfigurationList;
			buildConfigurations = (
				0100950A235DF76E00D3779E /* Debug */,
				0100950B235DF76E00D3779E /* Release */,
			);
			defaultConfigurationIsVisible = 0;
			defaultConfigurationName = Release;
		};
/* End XCConfigurationList section */
	};
	rootObject = 010094ED235DF76D00D3779E /* Project object */;
}
